{
  "name": "install_packge",
  "version": "1.0.0",
  "lockfileVersion": 1,
  "requires": true,
  "dependencies": {
    "@sccnlessonsccn/test_package": {
      "version": "1.0.1",
      "resolved": "https://npm.pkg.github.com/download/@sccnlessonsccn/test_package/1.0.1/8fcac8859e744960dc0cb5e5fc9389397894c9c4c3784b6bc28f64c85b8bc4f7",
      "integrity": "sha512-kWOiXZpj1Dfgw5ATyYWsd2u3mCzfTV2R/A5mwBsS2NpGGHMSAt3pJzYyTbdAjea7DHxI+e0Ra7Pznv4S6svbew=="
    }
  }
}
